
Microsoft Visual Studio Solution File, Format Version 12.00
# Visual Studio Version 16
VisualStudioVersion = 16.0.30225.117
MinimumVisualStudioVersion = 10.0.40219.1
Project("{FAE04EC0-301F-11D3-BF4B-00C04F79EFBC}") = "DimDim", "DimDim\DimDim.csproj", "{B00E9D4E-78BF-4C4D-83DD-3C72FE9227ED}"
EndProject
Global
	GlobalSection(SolutionConfigurationPlatforms) = preSolution
		Debug|Any CPU = Debug|Any CPU
		Release|Any CPU = Release|Any CPU
	EndGlobalSection
	GlobalSection(ProjectConfigurationPlatforms) = postSolution
		{B00E9D4E-78BF-4C4D-83DD-3C72FE9227ED}.Debug|Any CPU.ActiveCfg = Debug|Any CPU
		{B00E9D4E-78BF-4C4D-83DD-3C72FE9227ED}.Debug|Any CPU.Build.0 = Debug|Any CPU
		{B00E9D4E-78BF-4C4D-83DD-3C72FE9227ED}.Release|Any CPU.ActiveCfg = Release|Any CPU
		{B00E9D4E-78BF-4C4D-83DD-3C72FE9227ED}.Release|Any CPU.Build.0 = Release|Any CPU
	EndGlobalSection
	GlobalSection(SolutionProperties) = preSolution
		HideSolutionNode = FALSE
	EndGlobalSection
	GlobalSection(ExtensibilityGlobals) = postSolution
		SolutionGuid = {B1968EBA-ABBE-4C7E-A6A5-9113A1B1D2AA}
	EndGlobalSection
EndGlobal
