
Microsoft Visual Studio Solution File, Format Version 12.00
# Visual Studio Version 16
VisualStudioVersion = 16.0.31624.102
MinimumVisualStudioVersion = 10.0.40219.1
Project("{FAE04EC0-301F-11D3-BF4B-00C04F79EFBC}") = "Fiap.DimDim", "Fiap.DimDim\Fiap.DimDim.csproj", "{5D82282D-C114-46C7-A56B-25A535445A2E}"
EndProject
Global
	GlobalSection(SolutionConfigurationPlatforms) = preSolution
		Debug|Any CPU = Debug|Any CPU
		Release|Any CPU = Release|Any CPU
	EndGlobalSection
	GlobalSection(ProjectConfigurationPlatforms) = postSolution
		{5D82282D-C114-46C7-A56B-25A535445A2E}.Debug|Any CPU.ActiveCfg = Debug|Any CPU
		{5D82282D-C114-46C7-A56B-25A535445A2E}.Debug|Any CPU.Build.0 = Debug|Any CPU
		{5D82282D-C114-46C7-A56B-25A535445A2E}.Release|Any CPU.ActiveCfg = Release|Any CPU
		{5D82282D-C114-46C7-A56B-25A535445A2E}.Release|Any CPU.Build.0 = Release|Any CPU
	EndGlobalSection
	GlobalSection(SolutionProperties) = preSolution
		HideSolutionNode = FALSE
	EndGlobalSection
	GlobalSection(ExtensibilityGlobals) = postSolution
		SolutionGuid = {CCA9DE09-E57D-475B-91D7-698F248064A1}
	EndGlobalSection
EndGlobal
